
Microsoft Visual Studio Solution File, Format Version 12.00
# Visual Studio 15
VisualStudioVersion = 15.0.28010.2036
MinimumVisualStudioVersion = 10.0.40219.1
Project("{FAE04EC0-301F-11D3-BF4B-00C04F79EFBC}") = "HelloWorld", "HelloWorld\HelloWorld.csproj", "{CEE75227-3656-4007-8C40-4DC2D6829ED4}"
EndProject
Project("{FAE04EC0-301F-11D3-BF4B-00C04F79EFBC}") = "HelloWorldTests", "UnitTest\HelloWorldTests.csproj", "{7E5C66E3-07B0-46D5-A576-CAF66980FA92}"
EndProject
Global
	GlobalSection(SolutionConfigurationPlatforms) = preSolution
		Debug|Any CPU = Debug|Any CPU
		Release|Any CPU = Release|Any CPU
	EndGlobalSection
	GlobalSection(ProjectConfigurationPlatforms) = postSolution
		{CEE75227-3656-4007-8C40-4DC2D6829ED4}.Debug|Any CPU.ActiveCfg = Debug|Any CPU
		{CEE75227-3656-4007-8C40-4DC2D6829ED4}.Debug|Any CPU.Build.0 = Debug|Any CPU
		{CEE75227-3656-4007-8C40-4DC2D6829ED4}.Release|Any CPU.ActiveCfg = Release|Any CPU
		{CEE75227-3656-4007-8C40-4DC2D6829ED4}.Release|Any CPU.Build.0 = Release|Any CPU
		{7E5C66E3-07B0-46D5-A576-CAF66980FA92}.Debug|Any CPU.ActiveCfg = Debug|Any CPU
		{7E5C66E3-07B0-46D5-A576-CAF66980FA92}.Debug|Any CPU.Build.0 = Debug|Any CPU
		{7E5C66E3-07B0-46D5-A576-CAF66980FA92}.Release|Any CPU.ActiveCfg = Release|Any CPU
		{7E5C66E3-07B0-46D5-A576-CAF66980FA92}.Release|Any CPU.Build.0 = Release|Any CPU
	EndGlobalSection
	GlobalSection(SolutionProperties) = preSolution
		HideSolutionNode = FALSE
	EndGlobalSection
	GlobalSection(ExtensibilityGlobals) = postSolution
		SolutionGuid = {653DD3F0-25EC-4A79-90CF-01D5E9F44A98}
	EndGlobalSection
EndGlobal
